
Microsoft Visual Studio Solution File, Format Version 12.00
# Visual Studio Version 17
VisualStudioVersion = 17.5.33530.505
MinimumVisualStudioVersion = 10.0.40219.1
Project("{FAE04EC0-301F-11D3-BF4B-00C04F79EFBC}") = "retrospectApp", "retrospectApp\retrospectApp.csproj", "{9AF7CDB3-8A41-44AD-BDB4-1AE89EF6DC22}"
EndProject
Global
	GlobalSection(SolutionConfigurationPlatforms) = preSolution
		Debug|Any CPU = Debug|Any CPU
		Release|Any CPU = Release|Any CPU
	EndGlobalSection
	GlobalSection(ProjectConfigurationPlatforms) = postSolution
		{9AF7CDB3-8A41-44AD-BDB4-1AE89EF6DC22}.Debug|Any CPU.ActiveCfg = Debug|Any CPU
		{9AF7CDB3-8A41-44AD-BDB4-1AE89EF6DC22}.Debug|Any CPU.Build.0 = Debug|Any CPU
		{9AF7CDB3-8A41-44AD-BDB4-1AE89EF6DC22}.Release|Any CPU.ActiveCfg = Release|Any CPU
		{9AF7CDB3-8A41-44AD-BDB4-1AE89EF6DC22}.Release|Any CPU.Build.0 = Release|Any CPU
	EndGlobalSection
	GlobalSection(SolutionProperties) = preSolution
		HideSolutionNode = FALSE
	EndGlobalSection
	GlobalSection(ExtensibilityGlobals) = postSolution
		SolutionGuid = {7C958833-60DA-4540-A305-854E51443A56}
	EndGlobalSection
EndGlobal
